
Microsoft Visual Studio Solution File, Format Version 12.00
# Visual Studio 14
VisualStudioVersion = 14.0.25420.1
MinimumVisualStudioVersion = 10.0.40219.1
Project("{8BB2217D-0F2D-49D1-97BC-3654ED321F3B}") = "jzo", "jzo.xproj", "{9340B013-5916-4CCB-A672-D06F6ACF89DF}"
EndProject
Global
	GlobalSection(SolutionConfigurationPlatforms) = preSolution
		Debug|Any CPU = Debug|Any CPU
		Release|Any CPU = Release|Any CPU
	EndGlobalSection
	GlobalSection(ProjectConfigurationPlatforms) = postSolution
		{9340B013-5916-4CCB-A672-D06F6ACF89DF}.Debug|Any CPU.ActiveCfg = Debug|Any CPU
		{9340B013-5916-4CCB-A672-D06F6ACF89DF}.Debug|Any CPU.Build.0 = Debug|Any CPU
		{9340B013-5916-4CCB-A672-D06F6ACF89DF}.Release|Any CPU.ActiveCfg = Release|Any CPU
		{9340B013-5916-4CCB-A672-D06F6ACF89DF}.Release|Any CPU.Build.0 = Release|Any CPU
	EndGlobalSection
	GlobalSection(SolutionProperties) = preSolution
		HideSolutionNode = FALSE
	EndGlobalSection
EndGlobal
